Microsoft Visual Studio Solution File, Format Version 8.00
Project("{8BC9CEB8-8B4A-11D0-8D11-00A0C91BC942}") = "Double", "Double.vcproj", "{65A7B779-3688-4630-8E47-49E56E755692}"
	ProjectSection(ProjectDependencies) = postProject
	EndProjectSection
EndProject
Project("{8BC9CEB8-8B4A-11D0-8D11-00A0C91BC942}") = "DoubleTrimesh", "DoubleTrimesh.vcproj", "{F2B36CB6-8421-4957-B46A-1F62124E268A}"
	ProjectSection(ProjectDependencies) = postProject
	EndProjectSection
EndProject
Project("{8BC9CEB8-8B4A-11D0-8D11-00A0C91BC942}") = "Single", "Single.vcproj", "{62E54B48-E270-4546-A3F8-E1CEE68BDC7D}"
	ProjectSection(ProjectDependencies) = postProject
	EndProjectSection
EndProject
Project("{8BC9CEB8-8B4A-11D0-8D11-00A0C91BC942}") = "SingleTrimesh", "SingleTrimesh.vcproj", "{5A5BDDC7-FCCA-4CBE-B6B3-564E42794483}"
	ProjectSection(ProjectDependencies) = postProject
	EndProjectSection
EndProject
Project("{8BC9CEB8-8B4A-11D0-8D11-00A0C91BC942}") = "drawstuff", "drawstuff.vcproj", "{261B7044-1808-44DD-81BF-CF8062CF4D3E}"
	ProjectSection(ProjectDependencies) = postProject
	EndProjectSection
EndProject
Global
	GlobalSection(SolutionConfiguration) = preSolution
		Debug = Debug
		Release = Release
	EndGlobalSection
	GlobalSection(ProjectConfiguration) = postSolution
		{65A7B779-3688-4630-8E47-49E56E755692}.Debug.ActiveCfg = Debug|Win32
		{65A7B779-3688-4630-8E47-49E56E755692}.Debug.Build.0 = Debug|Win32
		{65A7B779-3688-4630-8E47-49E56E755692}.Release.ActiveCfg = Release|Win32
		{65A7B779-3688-4630-8E47-49E56E755692}.Release.Build.0 = Release|Win32
		{F2B36CB6-8421-4957-B46A-1F62124E268A}.Debug.ActiveCfg = Debug|Win32
		{F2B36CB6-8421-4957-B46A-1F62124E268A}.Debug.Build.0 = Debug|Win32
		{F2B36CB6-8421-4957-B46A-1F62124E268A}.Release.ActiveCfg = Release|Win32
		{F2B36CB6-8421-4957-B46A-1F62124E268A}.Release.Build.0 = Release|Win32
		{62E54B48-E270-4546-A3F8-E1CEE68BDC7D}.Debug.ActiveCfg = Debug|Win32
		{62E54B48-E270-4546-A3F8-E1CEE68BDC7D}.Debug.Build.0 = Debug|Win32
		{62E54B48-E270-4546-A3F8-E1CEE68BDC7D}.Release.ActiveCfg = Release|Win32
		{62E54B48-E270-4546-A3F8-E1CEE68BDC7D}.Release.Build.0 = Release|Win32
		{5A5BDDC7-FCCA-4CBE-B6B3-564E42794483}.Debug.ActiveCfg = Debug|Win32
		{5A5BDDC7-FCCA-4CBE-B6B3-564E42794483}.Debug.Build.0 = Debug|Win32
		{5A5BDDC7-FCCA-4CBE-B6B3-564E42794483}.Release.ActiveCfg = Release|Win32
		{5A5BDDC7-FCCA-4CBE-B6B3-564E42794483}.Release.Build.0 = Release|Win32
		{261B7044-1808-44DD-81BF-CF8062CF4D3E}.Debug.ActiveCfg = Debug|Win32
		{261B7044-1808-44DD-81BF-CF8062CF4D3E}.Debug.Build.0 = Debug|Win32
		{261B7044-1808-44DD-81BF-CF8062CF4D3E}.Release.ActiveCfg = Release|Win32
		{261B7044-1808-44DD-81BF-CF8062CF4D3E}.Release.Build.0 = Release|Win32
	EndGlobalSection
	GlobalSection(ExtensibilityGlobals) = postSolution
	EndGlobalSection
	GlobalSection(ExtensibilityAddIns) = postSolution
	EndGlobalSection
EndGlobal
